// !$*UTF8*$!
{
	archiveVersion = 1;
	classes = {
	};
	objectVersion = 46;
	objects = {

/* Begin PBXBuildFile section */
		FD04069F1B75229C00356CB9 /* AppDelegate.swift in Sources */ = {isa = PBXBuildFile; fileRef = FD04069E1B75229C00356CB9 /* AppDelegate.swift */; };
		FD0406A11B75229C00356CB9 /* ViewController.swift in Sources */ = {isa = PBXBuildFile; fileRef = FD0406A01B75229C00356CB9 /* ViewController.swift */; };
		FD0406A41B75229C00356CB9 /* Main.storyboard in Resources */ = {isa = PBXBuildFile; fileRef = FD0406A21B75229C00356CB9 /* Main.storyboard */; };
		FD0406A61B75229C00356CB9 /* Assets.xcassets in Resources */ = {isa = PBXBuildFile; fileRef = FD0406A51B75229C00356CB9 /* Assets.xcassets */; };
		FD0406A91B75229C00356CB9 /* LaunchScreen.storyboard in Resources */ = {isa = PBXBuildFile; fileRef = FD0406A71B75229C00356CB9 /* LaunchScreen.storyboard */; };
		FD0406B41B75229C00356CB9 /* Project1Tests.swift in Sources */ = {isa = PBXBuildFile; fileRef = FD0406B31B75229C00356CB9 /* Project1Tests.swift */; };
		FD0406BF1B75239200356CB9 /* Project1.swift in Sources */ = {isa = PBXBuildFile; fileRef = FD0406BE1B75239200356CB9 /* Project1.swift */; };
		FD0406C01B75239200356CB9 /* Project1.swift in Sources */ = {isa = PBXBuildFile; fileRef = FD0406BE1B75239200356CB9 /* Project1.swift */; };
/* End PBXBuildFile section */

/* Begin PBXContainerItemProxy section */
		FD0406B01B75229C00356CB9 /* PBXContainerItemProxy */ = {
			isa = PBXContainerItemProxy;
			containerPortal = FD0406931B75229C00356CB9 /* Project object */;
			proxyType = 1;
			remoteGlobalIDString = FD04069A1B75229C00356CB9;
			remoteInfo = Project1;
		};
/* End PBXContainerItemProxy section */

/* Begin PBXFileReference section */
		FD04069B1B75229C00356CB9 /* Project1.app */ = {isa = PBXFileReference; explicitFileType = wrapper.application; includeInIndex = 0; path = Project1.app; sourceTree = BUILT_PRODUCTS_DIR; };
		FD04069E1B75229C00356CB9 /* AppDelegate.swift */ = {isa = PBXFileReference; lastKnownFileType = sourcecode.swift; path = AppDelegate.swift; sourceTree = "<group>"; };
		FD0406A01B75229C00356CB9 /* ViewController.swift */ = {isa = PBXFileReference; lastKnownFileType = sourcecode.swift; path = ViewController.swift; sourceTree = "<group>"; };
		FD0406A31B75229C00356CB9 /* Base */ = {isa = PBXFileReference; lastKnownFileType = file.storyboard; name = Base; path = Base.lproj/Main.storyboard; sourceTree = "<group>"; };
		FD0406A51B75229C00356CB9 /* Assets.xcassets */ = {isa = PBXFileReference; lastKnownFileType = folder.assetcatalog; path = Assets.xcassets; sourceTree = "<group>"; };
		FD0406A81B75229C00356CB9 /* Base */ = {isa = PBXFileReference; lastKnownFileType = file.storyboard; name = Base; path = Base.lproj/LaunchScreen.storyboard; sourceTree = "<group>"; };
		FD0406AA1B75229C00356CB9 /* Info.plist */ = {isa = PBXFileReference; lastKnownFileType = text.plist.xml; path = Info.plist; sourceTree = "<group>"; };
		FD0406AF1B75229C00356CB9 /* Project1Tests.xctest */ = {isa = PBXFileReference; explicitFileType = wrapper.cfbundle; includeInIndex = 0; path = Project1Tests.xctest; sourceTree = BUILT_PRODUCTS_DIR; };
		FD0406B31B75229C00356CB9 /* Project1Tests.swift */ = {isa = PBXFileReference; lastKnownFileType = sourcecode.swift; path = Project1Tests.swift; sourceTree = "<group>"; };
		FD0406B51B75229C00356CB9 /* Info.plist */ = {isa = PBXFileReference; lastKnownFileType = text.plist.xml; path = Info.plist; sourceTree = "<group>"; };
		FD0406BE1B75239200356CB9 /* Project1.swift */ = {isa = PBXFileReference; fileEncoding = 4; lastKnownFileType = sourcecode.swift; path = Project1.swift; sourceTree = "<group>"; };
/* End PBXFileReference section */

/* Begin PBXFrameworksBuildPhase section */
		FD0406981B75229C00356CB9 /* Frameworks */ = {
			isa = PBXFrameworksBuildPhase;
			buildActionMask = 2147483647;
			files = (
			);
			runOnlyForDeploymentPostprocessing = 0;
		};
		FD0406AC1B75229C00356CB9 /* Frameworks */ = {
			isa = PBXFrameworksBuildPhase;
			buildActionMask = 2147483647;
			files = (
			);
			runOnlyForDeploymentPostprocessing = 0;
		};
/* End PBXFrameworksBuildPhase section */

/* Begin PBXGroup section */
		FD0406921B75229C00356CB9 = {
			isa = PBXGroup;
			children = (
				FD04069D1B75229C00356CB9 /* Project1 */,
				FD0406B21B75229C00356CB9 /* Project1Tests */,
				FD04069C1B75229C00356CB9 /* Products */,
			);
			sourceTree = "<group>";
		};
		FD04069C1B75229C00356CB9 /* Products */ = {
			isa = PBXGroup;
			children = (
				FD04069B1B75229C00356CB9 /* Project1.app */,
				FD0406AF1B75229C00356CB9 /* Project1Tests.xctest */,
			);
			name = Products;
			sourceTree = "<group>";
		};
		FD04069D1B75229C00356CB9 /* Project1 */ = {
			isa = PBXGroup;
			children = (
				FD04069E1B75229C00356CB9 /* AppDelegate.swift */,
				FD0406A01B75229C00356CB9 /* ViewController.swift */,
				FD0406A21B75229C00356CB9 /* Main.storyboard */,
				FD0406A51B75229C00356CB9 /* Assets.xcassets */,
				FD0406A71B75229C00356CB9 /* LaunchScreen.storyboard */,
				FD0406AA1B75229C00356CB9 /* Info.plist */,
				FD0406BE1B75239200356CB9 /* Project1.swift */,
			);
			path = Project1;
			sourceTree = "<group>";
		};
		FD0406B21B75229C00356CB9 /* Project1Tests */ = {
			isa = PBXGroup;
			children = (
				FD0406B31B75229C00356CB9 /* Project1Tests.swift */,
				FD0406B51B75229C00356CB9 /* Info.plist */,
			);
			path = Project1Tests;
			sourceTree = "<group>";
		};
/* End PBXGroup section */

/* Begin PBXNativeTarget section */
		FD04069A1B75229C00356CB9 /* Project1 */ = {
			isa = PBXNativeTarget;
			buildConfigurationList = FD0406B81B75229C00356CB9 /* Build configuration list for PBXNativeTarget "Project1" */;
			buildPhases = (
				FD0406971B75229C00356CB9 /* Sources */,
				FD0406981B75229C00356CB9 /* Frameworks */,
				FD0406991B75229C00356CB9 /* Resources */,
			);
			buildRules = (
			);
			dependencies = (
			);
			name = Project1;
			productName = Project1;
			productReference = FD04069B1B75229C00356CB9 /* Project1.app */;
			productType = "com.apple.product-type.application";
		};
		FD0406AE1B75229C00356CB9 /* Project1Tests */ = {
			isa = PBXNativeTarget;
			buildConfigurationList = FD0406BB1B75229C00356CB9 /* Build configuration list for PBXNativeTarget "Project1Tests" */;
			buildPhases = (
				FD0406AB1B75229C00356CB9 /* Sources */,
				FD0406AC1B75229C00356CB9 /* Frameworks */,
				FD0406AD1B75229C00356CB9 /* Resources */,
			);
			buildRules = (
			);
			dependencies = (
				FD0406B11B75229C00356CB9 /* PBXTargetDependency */,
			);
			name = Project1Tests;
			productName = Project1Tests;
			productReference = FD0406AF1B75229C00356CB9 /* Project1Tests.xctest */;
			productType = "com.apple.product-type.bundle.unit-test";
		};
/* End PBXNativeTarget section */

/* Begin PBXProject section */
		FD0406931B75229C00356CB9 /* Project object */ = {
			isa = PBXProject;
			attributes = {
				LastUpgradeCheck = 0700;
				ORGANIZATIONNAME = "Stepan Grigoryan";
				TargetAttributes = {
					FD04069A1B75229C00356CB9 = {
						CreatedOnToolsVersion = 7.0;
					};
					FD0406AE1B75229C00356CB9 = {
						CreatedOnToolsVersion = 7.0;
						TestTargetID = FD04069A1B75229C00356CB9;
					};
				};
			};
			buildConfigurationList = FD0406961B75229C00356CB9 /* Build configuration list for PBXProject "Project1" */;
			compatibilityVersion = "Xcode 3.2";
			developmentRegion = English;
			hasScannedForEncodings = 0;
			knownRegions = (
				en,
				Base,
			);
			mainGroup = FD0406921B75229C00356CB9;
			productRefGroup = FD04069C1B75229C00356CB9 /* Products */;
			projectDirPath = "";
			projectRoot = "";
			targets = (
				FD04069A1B75229C00356CB9 /* Project1 */,
				FD0406AE1B75229C00356CB9 /* Project1Tests */,
			);
		};
/* End PBXProject section */

/* Begin PBXResourcesBuildPhase section */
		FD0406991B75229C00356CB9 /* Resources */ = {
			isa = PBXResourcesBuildPhase;
			buildActionMask = 2147483647;
			files = (
				FD0406A91B75229C00356CB9 /* LaunchScreen.storyboard in Resources */,
				FD0406A61B75229C00356CB9 /* Assets.xcassets in Resources */,
				FD0406A41B75229C00356CB9 /* Main.storyboard in Resources */,
			);
			runOnlyForDeploymentPostprocessing = 0;
		};
		FD0406AD1B75229C00356CB9 /* Resources */ = {
			isa = PBXResourcesBuildPhase;
			buildActionMask = 2147483647;
			files = (
			);
			runOnlyForDeploymentPostprocessing = 0;
		};
/* End PBXResourcesBuildPhase section */

/* Begin PBXSourcesBuildPhase section */
		FD0406971B75229C00356CB9 /* Sources */ = {
			isa = PBXSourcesBuildPhase;
			buildActionMask = 2147483647;
			files = (
				FD0406BF1B75239200356CB9 /* Project1.swift in Sources */,
				FD0406A11B75229C00356CB9 /* ViewController.swift in Sources */,
				FD04069F1B75229C00356CB9 /* AppDelegate.swift in Sources */,
			);
			runOnlyForDeploymentPostprocessing = 0;
		};
		FD0406AB1B75229C00356CB9 /* Sources */ = {
			isa = PBXSourcesBuildPhase;
			buildActionMask = 2147483647;
			files = (
				FD0406B41B75229C00356CB9 /* Project1Tests.swift in Sources */,
				FD0406C01B75239200356CB9 /* Project1.swift in Sources */,
			);
			runOnlyForDeploymentPostprocessing = 0;
		};
/* End PBXSourcesBuildPhase section */

/* Begin PBXTargetDependency section */
		FD0406B11B75229C00356CB9 /* PBXTargetDependency */ = {
			isa = PBXTargetDependency;
			target = FD04069A1B75229C00356CB9 /* Project1 */;
			targetProxy = FD0406B01B75229C00356CB9 /* PBXContainerItemProxy */;
		};
/* End PBXTargetDependency section */

/* Begin PBXVariantGroup section */
		FD0406A21B75229C00356CB9 /* Main.storyboard */ = {
			isa = PBXVariantGroup;
			children = (
				FD0406A31B75229C00356CB9 /* Base */,
			);
			name = Main.storyboard;
			sourceTree = "<group>";
		};
		FD0406A71B75229C00356CB9 /* LaunchScreen.storyboard */ = {
			isa = PBXVariantGroup;
			children = (
				FD0406A81B75229C00356CB9 /* Base */,
			);
			name = LaunchScreen.storyboard;
			sourceTree = "<group>";
		};
/* End PBXVariantGroup section */

/* Begin XCBuildConfiguration section */
		FD0406B61B75229C00356CB9 /* Debug */ = {
			isa = XCBuildConfiguration;
			buildSettings = {
				ALWAYS_SEARCH_USER_PATHS = NO;
				CLANG_CXX_LANGUAGE_STANDARD = "gnu++0x";
				CLANG_CXX_LIBRARY = "libc++";
				CLANG_ENABLE_MODULES = YES;
				CLANG_ENABLE_OBJC_ARC = YES;
				CLANG_WARN_BOOL_CONVERSION = YES;
				CLANG_WARN_CONSTANT_CONVERSION = YES;
				CLANG_WARN_DIRECT_OBJC_ISA_USAGE = YES_ERROR;
				CLANG_WARN_EMPTY_BODY = YES;
				CLANG_WARN_ENUM_CONVERSION = YES;
				CLANG_WARN_INT_CONVERSION = YES;
				CLANG_WARN_OBJC_ROOT_CLASS = YES_ERROR;
				CLANG_WARN_UNREACHABLE_CODE = YES;
				CLANG_WARN__DUPLICATE_METHOD_MATCH = YES;
				"CODE_SIGN_IDENTITY[sdk=iphoneos*]" = "iPhone Developer";
				COPY_PHASE_STRIP = NO;
				DEBUG_INFORMATION_FORMAT = dwarf;
				ENABLE_STRICT_OBJC_MSGSEND = YES;
				ENABLE_TESTABILITY = YES;
				GCC_C_LANGUAGE_STANDARD = gnu99;
				GCC_DYNAMIC_NO_PIC = NO;
				GCC_NO_COMMON_BLOCKS = YES;
				GCC_OPTIMIZATION_LEVEL = 0;
				GCC_PREPROCESSOR_DEFINITIONS = (
					"DEBUG=1",
					"$(inherited)",
				);
				GCC_WARN_64_TO_32_BIT_CONVERSION = YES;
				GCC_WARN_ABOUT_RETURN_TYPE = YES_ERROR;
				GCC_WARN_UNDECLARED_SELECTOR = YES;
				GCC_WARN_UNINITIALIZED_AUTOS = YES_AGGRESSIVE;
				GCC_WARN_UNUSED_FUNCTION = YES;
				GCC_WARN_UNUSED_VARIABLE = YES;
				IPHONEOS_DEPLOYMENT_TARGET = 9.0;
				MTL_ENABLE_DEBUG_INFO = YES;
				ONLY_ACTIVE_ARCH = YES;
				SDKROOT = iphoneos;
				SWIFT_OPTIMIZATION_LEVEL = "-Onone";
				TARGETED_DEVICE_FAMILY = "1,2";
			};
			name = Debug;
		};
		FD0406B71B75229C00356CB9 /* Release */ = {
			isa = XCBuildConfiguration;
			buildSettings = {
				ALWAYS_SEARCH_USER_PATHS = NO;
				CLANG_CXX_LANGUAGE_STANDARD = "gnu++0x";
				CLANG_CXX_LIBRARY = "libc++";
				CLANG_ENABLE_MODULES = YES;
				CLANG_ENABLE_OBJC_ARC = YES;
				CLANG_WARN_BOOL_CONVERSION = YES;
				CLANG_WARN_CONSTANT_CONVERSION = YES;
				CLANG_WARN_DIRECT_OBJC_ISA_USAGE = YES_ERROR;
				CLANG_WARN_EMPTY_BODY = YES;
				CLANG_WARN_ENUM_CONVERSION = YES;
				CLANG_WARN_INT_CONVERSION = YES;
				CLANG_WARN_OBJC_ROOT_CLASS = YES_ERROR;
				CLANG_WARN_UNREACHABLE_CODE = YES;
				CLANG_WARN__DUPLICATE_METHOD_MATCH = YES;
				"CODE_SIGN_IDENTITY[sdk=iphoneos*]" = "iPhone Developer";
				COPY_PHASE_STRIP = NO;
				DEBUG_INFORMATION_FORMAT = "dwarf-with-dsym";
				ENABLE_NS_ASSERTIONS = NO;
				ENABLE_STRICT_OBJC_MSGSEND = YES;
				GCC_C_LANGUAGE_STANDARD = gnu99;
				GCC_NO_COMMON_BLOCKS = YES;
				GCC_WARN_64_TO_32_BIT_CONVERSION = YES;
				GCC_WARN_ABOUT_RETURN_TYPE = YES_ERROR;
				GCC_WARN_UNDECLARED_SELECTOR = YES;
				GCC_WARN_UNINITIALIZED_AUTOS = YES_AGGRESSIVE;
				GCC_WARN_UNUSED_FUNCTION = YES;
				GCC_WARN_UNUSED_VARIABLE = YES;
				IPHONEOS_DEPLOYMENT_TARGET = 9.0;
				MTL_ENABLE_DEBUG_INFO = NO;
				SDKROOT = iphoneos;
				TARGETED_DEVICE_FAMILY = "1,2";
				VALIDATE_PRODUCT = YES;
			};
			name = Release;
		};
		FD0406B91B75229C00356CB9 /* Debug */ = {
			isa = XCBuildConfiguration;
			buildSettings = {
				ASSETCATALOG_COMPILER_APPICON_NAME = AppIcon;
				INFOPLIST_FILE = Project1/Info.plist;
				IPHONEOS_DEPLOYMENT_TARGET = 8.4;
				LD_RUNPATH_SEARCH_PATHS = "$(inherited) @executable_path/Frameworks";
				PRODUCT_BUNDLE_IDENTIFIER = TalentSpark.Project1;
				PRODUCT_NAME = "$(TARGET_NAME)";
			};
			name = Debug;
		};
		FD0406BA1B75229C00356CB9 /* Release */ = {
			isa = XCBuildConfiguration;
			buildSettings = {
				ASSETCATALOG_COMPILER_APPICON_NAME = AppIcon;
				INFOPLIST_FILE = Project1/Info.plist;
				IPHONEOS_DEPLOYMENT_TARGET = 8.4;
				LD_RUNPATH_SEARCH_PATHS = "$(inherited) @executable_path/Frameworks";
				PRODUCT_BUNDLE_IDENTIFIER = TalentSpark.Project1;
				PRODUCT_NAME = "$(TARGET_NAME)";
			};
			name = Release;
		};
		FD0406BC1B75229C00356CB9 /* Debug */ = {
			isa = XCBuildConfiguration;
			buildSettings = {
				BUNDLE_LOADER = "$(TEST_HOST)";
				INFOPLIST_FILE = Project1Tests/Info.plist;
				LD_RUNPATH_SEARCH_PATHS = "$(inherited) @executable_path/Frameworks @loader_path/Frameworks";
				PRODUCT_BUNDLE_IDENTIFIER = TalentSpark.Project1Tests;
				PRODUCT_NAME = "$(TARGET_NAME)";
				TEST_HOST = "$(BUILT_PRODUCTS_DIR)/Project1.app/Project1";
			};
			name = Debug;
		};
		FD0406BD1B75229C00356CB9 /* Release */ = {
			isa = XCBuildConfiguration;
			buildSettings = {
				BUNDLE_LOADER = "$(TEST_HOST)";
				INFOPLIST_FILE = Project1Tests/Info.plist;
				LD_RUNPATH_SEARCH_PATHS = "$(inherited) @executable_path/Frameworks @loader_path/Frameworks";
				PRODUCT_BUNDLE_IDENTIFIER = TalentSpark.Project1Tests;
				PRODUCT_NAME = "$(TARGET_NAME)";
				TEST_HOST = "$(BUILT_PRODUCTS_DIR)/Project1.app/Project1";
			};
			name = Release;
		};
/* End XCBuildConfiguration section */

/* Begin XCConfigurationList section */
		FD0406961B75229C00356CB9 /* Build configuration list for PBXProject "Project1" */ = {
			isa = XCConfigurationList;
			buildConfigurations = (
				FD0406B61B75229C00356CB9 /* Debug */,
				FD0406B71B75229C00356CB9 /* Release */,
			);
			defaultConfigurationIsVisible = 0;
			defaultConfigurationName = Release;
		};
		FD0406B81B75229C00356CB9 /* Build configuration list for PBXNativeTarget "Project1" */ = {
			isa = XCConfigurationList;
			buildConfigurations = (
				FD0406B91B75229C00356CB9 /* Debug */,
				FD0406BA1B75229C00356CB9 /* Release */,
			);
			defaultConfigurationIsVisible = 0;
			defaultConfigurationName = Release;
		};
		FD0406BB1B75229C00356CB9 /* Build configuration list for PBXNativeTarget "Project1Tests" */ = {
			isa = XCConfigurationList;
			buildConfigurations = (
				FD0406BC1B75229C00356CB9 /* Debug */,
				FD0406BD1B75229C00356CB9 /* Release */,
			);
			defaultConfigurationIsVisible = 0;
			defaultConfigurationName = Release;
		};
/* End XCConfigurationList section */
	};
	rootObject = FD0406931B75229C00356CB9 /* Project object */;
}
